{
  "requires": true,
  "lockfileVersion": 1,
  "dependencies": {
    "@assemblyscript/loader": {
      "version": "0.17.6",
      "resolved": "https://registry.npmjs.org/@assemblyscript/loader/-/loader-0.17.6.tgz",
      "integrity": "sha512-oXywOMfUg5hcKhwUoae0MvOyggS3SjaM+QtVf6OrnAAcQeY9RWQfGtK6NyXJdNlwc/Gr6qVuJTKt34KjvRw/ig=="
    },
    "assemblyscript": {
      "version": "0.17.6",
      "resolved": "https://registry.npmjs.org/assemblyscript/-/assemblyscript-0.17.6.tgz",
      "integrity": "sha512-e6pPz2ENOvD0x5duIHUpmc0vo3Md0AuAGHQNyaG2wHzfSjrn/NoMH/7yC9Gk9U4qt5eFOlJ5lzP023sszd+dbg==",
      "dev": true,
      "requires": {
        "binaryen": "98.0.0-nightly.20201109",
        "long": "^4.0.0"
      }
    },
    "binaryen": {
      "version": "98.0.0-nightly.20201109",
      "resolved": "https://registry.npmjs.org/binaryen/-/binaryen-98.0.0-nightly.20201109.tgz",
      "integrity": "sha512-iRarAqdH5lMWlMBzrDuJgLYJR2g4QXk93iYE2zpr6gEZkb/jCgDpPUXdhuN11Ge1zZ/6By4DwA1mmifcx7FWaw==",
      "dev": true
    },
    "long": {
      "version": "4.0.0",
      "resolved": "https://registry.npmjs.org/long/-/long-4.0.0.tgz",
      "integrity": "sha512-XsP+KhQif4bjX1kbuSiySJFNAehNxgLb6hPRGJ9QsUr8ajHkuXGdrHmFUTUUXhDwVX2R5bY4JNZEwbUiMhV+MA==",
      "dev": true
    }
  }
}
